
Microsoft Visual Studio Solution File, Format Version 12.00
# Visual Studio Version 16
VisualStudioVersion = 16.0.32106.194
MinimumVisualStudioVersion = 10.0.40219.1
Project("{FAE04EC0-301F-11D3-BF4B-00C04F79EFBC}") = "PlotlifyCSharp", "PlotlifyCSharp\PlotlifyCSharp.csproj", "{C9EB81D9-F8B1-40F4-9078-DEEA80C80CF9}"
EndProject
Project("{FAE04EC0-301F-11D3-BF4B-00C04F79EFBC}") = "PlotlifyCSharpTest", "PlotlifyCSharpTest\PlotlifyCSharpTest.csproj", "{880837D1-9964-4661-8551-9A146C583BC3}"
EndProject
Global
	GlobalSection(SolutionConfigurationPlatforms) = preSolution
		Debug|Any CPU = Debug|Any CPU
		Release|Any CPU = Release|Any CPU
	EndGlobalSection
	GlobalSection(ProjectConfigurationPlatforms) = postSolution
		{C9EB81D9-F8B1-40F4-9078-DEEA80C80CF9}.Debug|Any CPU.ActiveCfg = Debug|Any CPU
		{C9EB81D9-F8B1-40F4-9078-DEEA80C80CF9}.Debug|Any CPU.Build.0 = Debug|Any CPU
		{C9EB81D9-F8B1-40F4-9078-DEEA80C80CF9}.Release|Any CPU.ActiveCfg = Release|Any CPU
		{C9EB81D9-F8B1-40F4-9078-DEEA80C80CF9}.Release|Any CPU.Build.0 = Release|Any CPU
		{880837D1-9964-4661-8551-9A146C583BC3}.Debug|Any CPU.ActiveCfg = Debug|Any CPU
		{880837D1-9964-4661-8551-9A146C583BC3}.Debug|Any CPU.Build.0 = Debug|Any CPU
		{880837D1-9964-4661-8551-9A146C583BC3}.Release|Any CPU.ActiveCfg = Release|Any CPU
		{880837D1-9964-4661-8551-9A146C583BC3}.Release|Any CPU.Build.0 = Release|Any CPU
	EndGlobalSection
	GlobalSection(SolutionProperties) = preSolution
		HideSolutionNode = FALSE
	EndGlobalSection
	GlobalSection(ExtensibilityGlobals) = postSolution
		SolutionGuid = {3EA6AA78-97C2-4686-9BAE-D797F04DF755}
	EndGlobalSection
EndGlobal
